{
  "lockfileVersion": 2,
  "configVersion": 1,
  "workspaces": {
    "": {
      "name": "pal-ext-clipboard",
      "dependencies": {
        "qrcode-generator": "^2.0.4",
      },
    },
  },
  "packages": {
    "qrcode-generator": ["qrcode-generator@2.0.4", "", {}, "sha512-mZSiP6RnbHl4xL2Ap5HfkjLnmxfKcPWpWe/c+5XxCuetEenqmNFf1FH/ftXPCtFG5/TDobjsjz6sSNL0Sr8Z9g=="],
  }
}
