{
  "lockfileVersion": 2,
  "configVersion": 1,
  "workspaces": {
    "": {
      "name": "pal-ext-flashcards",
      "dependencies": {
        "fflate": "^0.8.3",
        "ts-fsrs": "^5.4.2",
      },
    },
  },
  "packages": {
    "fflate": ["fflate@0.8.3", "", {}, "sha512-tbZNuJrLwGUp3zshBtdy4W+ORxZuIh8a5ilyIEQDC5rY1f3U20JMry0Ll3WBzU58EZKsEuJFXhb5gwv8CsPvgA=="],

    "ts-fsrs": ["ts-fsrs@5.4.2", "", {}, "sha512-z4qop4pzTcyTzuJ566d9EaX/4bZZzhYfeaPImfVr+xcYT65c5oBgFDijUhCE/D+C78eaolHIhKRZ04/RwF+v2g=="],
  }
}
