{
  "lockfileVersion": 2,
  "configVersion": 1,
  "workspaces": {
    "": {
      "name": "pal-ext-turkish",
      "dependencies": {
        "turkish-deasciifier": "^1.0.0",
      },
    },
  },
  "packages": {
    "turkish-deasciifier": ["turkish-deasciifier@1.0.0", "", {}, "sha512-K59LG/e0k8GgDyXErZTKIOJsD0ZyX6ktVhPnKcCcih0/ZrT5CWy8tDQjrM4fBaA7Idv1d45O0Vz3K4SzbJhvPQ=="],
  }
}
